
Microsoft Visual Studio Solution File, Format Version 12.00
# Visual Studio Version 17
VisualStudioVersion = 17.1.32210.238
MinimumVisualStudioVersion = 10.0.40219.1
Project("{FAE04EC0-301F-11D3-BF4B-00C04F79EFBC}") = "MyMiniProject", "MyMiniProject\MyMiniProject.csproj", "{003B02E5-D171-4F78-831D-26E641D36C1A}"
EndProject
Global
	GlobalSection(SolutionConfigurationPlatforms) = preSolution
		Debug|Any CPU = Debug|Any CPU
		Release|Any CPU = Release|Any CPU
	EndGlobalSection
	GlobalSection(ProjectConfigurationPlatforms) = postSolution
		{003B02E5-D171-4F78-831D-26E641D36C1A}.Debug|Any CPU.ActiveCfg = Debug|Any CPU
		{003B02E5-D171-4F78-831D-26E641D36C1A}.Debug|Any CPU.Build.0 = Debug|Any CPU
		{003B02E5-D171-4F78-831D-26E641D36C1A}.Release|Any CPU.ActiveCfg = Release|Any CPU
		{003B02E5-D171-4F78-831D-26E641D36C1A}.Release|Any CPU.Build.0 = Release|Any CPU
	EndGlobalSection
	GlobalSection(SolutionProperties) = preSolution
		HideSolutionNode = FALSE
	EndGlobalSection
	GlobalSection(ExtensibilityGlobals) = postSolution
		SolutionGuid = {2E51B9BB-A1E2-4ADC-85D9-AF0B85C721BD}
	EndGlobalSection
EndGlobal
